// !$*UTF8*$!
{
	archiveVersion = 1;
	classes = {
	};
	objectVersion = 77;
	objects = {

/* Begin PBXBuildFile section */
		1B7E1189235249C2ACB10CF1 /* SeasonAchievementsStore.swift in Sources */ = {isa = PBXBuildFile; fileRef = 2A1BDF6F83A546F0B90DA4A3 /* SeasonAchievementsStore.swift */; };
		338792A9E2C5427181113F47 /* SeasonAchievement.swift in Sources */ = {isa = PBXBuildFile; fileRef = 76CAEBCF8CD8432DA6BB0E0E /* SeasonAchievement.swift */; };
		62AF60BC4FB94EEE88C1F25F /* SeasonAchievementBadgeView.swift in Sources */ = {isa = PBXBuildFile; fileRef = 3F7C807E72624B1B8A7D9214 /* SeasonAchievementBadgeView.swift */; };
		D80A60BD2EE1397D003C5262 /* QuestEngine.swift in Sources */ = {isa = PBXBuildFile; fileRef = D80A60BC2EE1397D003C5262 /* QuestEngine.swift */; };
		D80A60E12EE13C6D003C5262 /* PlayerProgress.swift in Sources */ = {isa = PBXBuildFile; fileRef = D80A60E02EE13C6D003C5262 /* PlayerProgress.swift */; };
		D87C18822EDFA74B00438C3A /* WidgetKit.framework in Frameworks */ = {isa = PBXBuildFile; fileRef = D87C182B2EDF9B6F00438C3A /* WidgetKit.framework */; };
		D87C18832EDFA74B00438C3A /* SwiftUI.framework in Frameworks */ = {isa = PBXBuildFile; fileRef = D87C182D2EDF9B6F00438C3A /* SwiftUI.framework */; };
		D87C18942EDFA74C00438C3A /* QuestChatLiveActivityExtension.appex in Embed Foundation Extensions */ = {isa = PBXBuildFile; fileRef = D87C18812EDFA74B00438C3A /* QuestChatLiveActivityExtension.appex */; settings = {ATTRIBUTES = (RemoveHeadersOnCopy, ); }; };
		D87C18BC2EDFB72100438C3A /* FocusLiveActivityManager.swift in Sources */ = {isa = PBXBuildFile; fileRef = D87C18BB2EDFB72100438C3A /* FocusLiveActivityManager.swift */; };
		D899A6D22EDF6D6500F90F46 /* PlayerStatusBarsView.swift in Sources */ = {isa = PBXBuildFile; fileRef = D899A6D12EDF6D6500F90F46 /* PlayerStatusBarsView.swift */; };
		D8A200012EDE07B400A6A001 /* RPGStatBar.swift in Sources */ = {isa = PBXBuildFile; fileRef = D8A1A0012EDE07B400A6A001 /* RPGStatBar.swift */; };
		D8A200022EDE07B400A6A001 /* HealthBarModels.swift in Sources */ = {isa = PBXBuildFile; fileRef = D8A1A0022EDE07B400A6A002 /* HealthBarModels.swift */; };
		D8A200032EDE07B400A6A001 /* FocusView.swift in Sources */ = {isa = PBXBuildFile; fileRef = D8A1A0032EDE07B400A6A003 /* FocusView.swift */; };
		D8A200042EDE07B400A6A001 /* HealthBarCardView.swift in Sources */ = {isa = PBXBuildFile; fileRef = D8A1A0042EDE07B400A6A004 /* HealthBarCardView.swift */; };
		D8A200052EDE07B400A6A001 /* MoreViewModel.swift in Sources */ = {isa = PBXBuildFile; fileRef = D8A1A0052EDE07B400A6A005 /* MoreViewModel.swift */; };
		D8A200062EDE07B400A6A001 /* DependencyContainer.swift in Sources */ = {isa = PBXBuildFile; fileRef = D8A1A0062EDE07B400A6A006 /* DependencyContainer.swift */; };
		D8A200072EDE07B400A6A001 /* MoreView.swift in Sources */ = {isa = PBXBuildFile; fileRef = D8A1A0072EDE07B400A6A007 /* MoreView.swift */; };
		D8A200082EDE07B400A6A001 /* QuestsViewModel.swift in Sources */ = {isa = PBXBuildFile; fileRef = D8A1A0082EDE07B400A6A008 /* QuestsViewModel.swift */; };
		D8A200092EDE07B400A6A001 /* AppCoordinator.swift in Sources */ = {isa = PBXBuildFile; fileRef = D8A1A0092EDE07B400A6A009 /* AppCoordinator.swift */; };
		D8A2000A2EDE07B400A6A001 /* HealthBarViewModel.swift in Sources */ = {isa = PBXBuildFile; fileRef = D8A1A00A2EDE07B400A6A00A /* HealthBarViewModel.swift */; };
		D8A2000B2EDE07B400A6A001 /* SettingsView.swift in Sources */ = {isa = PBXBuildFile; fileRef = D8A1A00B2EDE07B400A6A00B /* SettingsView.swift */; };
		D8A2000C2EDE07B400A6A001 /* HealthBarStorage.swift in Sources */ = {isa = PBXBuildFile; fileRef = D8A1A00C2EDE07B400A6A00C /* HealthBarStorage.swift */; };
		D8A2000D2EDE07B400A6A001 /* GameDataResetter.swift in Sources */ = {isa = PBXBuildFile; fileRef = D8A1A00D2EDE07B400A6A00D /* GameDataResetter.swift */; };
		D8A2000E2EDE07B400A6A001 /* LevelUpModalView.swift in Sources */ = {isa = PBXBuildFile; fileRef = D8A1A00E2EDE07B400A6A00E /* LevelUpModalView.swift */; };
		D8A2000F2EDE07B400A6A001 /* StatsViewModel.swift in Sources */ = {isa = PBXBuildFile; fileRef = D8A1A00F2EDE07B400A6A00F /* StatsViewModel.swift */; };
		D8A200102EDE07B400A6A001 /* HealthTrackingStorageKeys.swift in Sources */ = {isa = PBXBuildFile; fileRef = D8A1A0102EDE07B400A6A010 /* HealthTrackingStorageKeys.swift */; };
		D8A200112EDE07B400A6A001 /* QuestChatStrings.swift in Sources */ = {isa = PBXBuildFile; fileRef = D8A1A0112EDE07B400A6A011 /* QuestChatStrings.swift */; };
		D8A200122EDE07B400A6A001 /* FocusTimerLiveActivity.swift in Sources */ = {isa = PBXBuildFile; fileRef = D8A1A0122EDE07B400A6A012 /* FocusTimerLiveActivity.swift */; };
		D8A200132EDE07B400A6A001 /* PlayerCardView.swift in Sources */ = {isa = PBXBuildFile; fileRef = D8A1A0132EDE07B400A6A013 /* PlayerCardView.swift */; };
		D8A200142EDE07B400A6A001 /* HealthBarCalculator.swift in Sources */ = {isa = PBXBuildFile; fileRef = D8A1A0142EDE07B400A6A014 /* HealthBarCalculator.swift */; };
		D8A200152EDE07B400A6A001 /* ContentView.swift in Sources */ = {isa = PBXBuildFile; fileRef = D8A1A0152EDE07B400A6A015 /* ContentView.swift */; };
		D8A200162EDE07B400A6A001 /* TodaySummaryView.swift in Sources */ = {isa = PBXBuildFile; fileRef = D8A1A0162EDE07B400A6A016 /* TodaySummaryView.swift */; };
		D8A200172EDE07B400A6A001 /* AboutHealthBarView.swift in Sources */ = {isa = PBXBuildFile; fileRef = D8A1A0172EDE07B400A6A017 /* AboutHealthBarView.swift */; };
		D8A200182EDE07B400A6A001 /* HealthBarIRLStatsStore.swift in Sources */ = {isa = PBXBuildFile; fileRef = D8A1A0182EDE07B400A6A018 /* HealthBarIRLStatsStore.swift */; };
		D8A200192EDE07B400A6A001 /* HydrationSettingsStore.swift in Sources */ = {isa = PBXBuildFile; fileRef = D8A1A0192EDE07B400A6A019 /* HydrationSettingsStore.swift */; };
		D8A2001A2EDE07B400A6A001 /* StatsView.swift in Sources */ = {isa = PBXBuildFile; fileRef = D8A1A01A2EDE07B400A6A01A /* StatsView.swift */; };
		D8A2001B2EDE07B400A6A001 /* DurationWheelPickerView.swift in Sources */ = {isa = PBXBuildFile; fileRef = D8A1A01B2EDE07B400A6A01B /* DurationWheelPickerView.swift */; };
		D8A2001C2EDE07B400A6A001 /* FocusViewModel.swift in Sources */ = {isa = PBXBuildFile; fileRef = D8A1A01C2EDE07B400A6A01C /* FocusViewModel.swift */; };
		D8A2001D2EDE07B400A6A001 /* QuestsView.swift in Sources */ = {isa = PBXBuildFile; fileRef = D8A1A01D2EDE07B400A6A01D /* QuestsView.swift */; };
		D8A2001E2EDE07B400A6A001 /* QuestChatNativeApp.swift in Sources */ = {isa = PBXBuildFile; fileRef = D8A1A01E2EDE07B400A6A01E /* QuestChatNativeApp.swift */; };
		D8A2001F2EDE07B400A6A001 /* SettingsViewModel.swift in Sources */ = {isa = PBXBuildFile; fileRef = D8A1A01F2EDE07B400A6A01F /* SettingsViewModel.swift */; };
		D8A200202EDE07B400A6A001 /* Assets.xcassets in Resources */ = {isa = PBXBuildFile; fileRef = D8A1A0202EDE07B400A6A020 /* Assets.xcassets */; };
		D8A200212EDE07B400A6A001 /* PlayerTitleStore.swift in Sources */ = {isa = PBXBuildFile; fileRef = D8A1A0212EDE07B400A6A021 /* PlayerTitleStore.swift */; };
		D8A200222EDE07B400A6A001 /* OnboardingView.swift in Sources */ = {isa = PBXBuildFile; fileRef = D8A1A0222EDE07B400A6A022 /* OnboardingView.swift */; };
		D8A200232EDE07B400A6A001 /* OnboardingViewModel.swift in Sources */ = {isa = PBXBuildFile; fileRef = D8A1A0232EDE07B400A6A023 /* OnboardingViewModel.swift */; };
		D8ABE41B2EE23E2400813C61 /* AchievementUnlockOverlayView.swift in Sources */ = {isa = PBXBuildFile; fileRef = D8ABE41A2EE23E2400813C61 /* AchievementUnlockOverlayView.swift */; };
		D8ABE41D2EE2411600813C61 /* ConfettiView.swift in Sources */ = {isa = PBXBuildFile; fileRef = D8ABE41C2EE2410C00813C61 /* ConfettiView.swift */; };
		D8E9D6532EE1017A00EF0582 /* PlayerStateStore.swift in Sources */ = {isa = PBXBuildFile; fileRef = D8E9D6522EE1017A00EF0582 /* PlayerStateStore.swift */; };
		D8EDD5292EE1F14B00922DCF /* QuestEvent.swift in Sources */ = {isa = PBXBuildFile; fileRef = D8EDD5282EE1F14B00922DCF /* QuestEvent.swift */; };
/* End PBXBuildFile section */

/* Begin PBXContainerItemProxy section */
		D87C18922EDFA74C00438C3A /* PBXContainerItemProxy */ = {
			isa = PBXContainerItemProxy;
			containerPortal = D881CF8B2EDD1BC200A8A09F /* Project object */;
			proxyType = 1;
			remoteGlobalIDString = D87C18802EDFA74B00438C3A;
			remoteInfo = QuestChatLiveActivityExtension;
		};
/* End PBXContainerItemProxy section */

/* Begin PBXCopyFilesBuildPhase section */
		D87C18442EDF9B7000438C3A /* Embed Foundation Extensions */ = {
			isa = PBXCopyFilesBuildPhase;
			buildActionMask = 2147483647;
			dstPath = "";
			dstSubfolderSpec = 13;
			files = (
				D87C18942EDFA74C00438C3A /* QuestChatLiveActivityExtension.appex in Embed Foundation Extensions */,
			);
			name = "Embed Foundation Extensions";
			runOnlyForDeploymentPostprocessing = 0;
		};
/* End PBXCopyFilesBuildPhase section */

/* Begin PBXFileReference section */
		2A1BDF6F83A546F0B90DA4A3 /* SeasonAchievementsStore.swift */ = {isa = PBXFileReference; lastKnownFileType = sourcecode.swift; path = SeasonAchievementsStore.swift; sourceTree = "<group>"; };
		3F7C807E72624B1B8A7D9214 /* SeasonAchievementBadgeView.swift */ = {isa = PBXFileReference; lastKnownFileType = sourcecode.swift; path = SeasonAchievementBadgeView.swift; sourceTree = "<group>"; };
		76CAEBCF8CD8432DA6BB0E0E /* SeasonAchievement.swift */ = {isa = PBXFileReference; lastKnownFileType = sourcecode.swift; path = SeasonAchievement.swift; sourceTree = "<group>"; };
		D80A60BC2EE1397D003C5262 /* QuestEngine.swift */ = {isa = PBXFileReference; lastKnownFileType = sourcecode.swift; path = QuestEngine.swift; sourceTree = "<group>"; };
		D80A60E02EE13C6D003C5262 /* PlayerProgress.swift */ = {isa = PBXFileReference; lastKnownFileType = sourcecode.swift; path = PlayerProgress.swift; sourceTree = "<group>"; };
		D87C182B2EDF9B6F00438C3A /* WidgetKit.framework */ = {isa = PBXFileReference; lastKnownFileType = wrapper.framework; name = WidgetKit.framework; path = System/Library/Frameworks/WidgetKit.framework; sourceTree = SDKROOT; };
		D87C182D2EDF9B6F00438C3A /* SwiftUI.framework */ = {isa = PBXFileReference; lastKnownFileType = wrapper.framework; name = SwiftUI.framework; path = System/Library/Frameworks/SwiftUI.framework; sourceTree = SDKROOT; };
		D87C18812EDFA74B00438C3A /* QuestChatLiveActivityExtension.appex */ = {isa = PBXFileReference; explicitFileType = "wrapper.app-extension"; includeInIndex = 0; path = QuestChatLiveActivityExtension.appex; sourceTree = BUILT_PRODUCTS_DIR; };
		D87C18BB2EDFB72100438C3A /* FocusLiveActivityManager.swift */ = {isa = PBXFileReference; lastKnownFileType = sourcecode.swift; path = FocusLiveActivityManager.swift; sourceTree = "<group>"; };
		D881CF932EDD1BC200A8A09F /* QuestChatNative.app */ = {isa = PBXFileReference; explicitFileType = wrapper.application; includeInIndex = 0; path = QuestChatNative.app; sourceTree = BUILT_PRODUCTS_DIR; };
		D899A6D12EDF6D6500F90F46 /* PlayerStatusBarsView.swift */ = {isa = PBXFileReference; lastKnownFileType = sourcecode.swift; path = PlayerStatusBarsView.swift; sourceTree = "<group>"; };
		D8A1A0012EDE07B400A6A001 /* RPGStatBar.swift */ = {isa = PBXFileReference; lastKnownFileType = sourcecode.swift; path = RPGStatBar.swift; sourceTree = "<group>"; };
		D8A1A0022EDE07B400A6A002 /* HealthBarModels.swift */ = {isa = PBXFileReference; lastKnownFileType = sourcecode.swift; path = HealthBarModels.swift; sourceTree = "<group>"; };
		D8A1A0032EDE07B400A6A003 /* FocusView.swift */ = {isa = PBXFileReference; lastKnownFileType = sourcecode.swift; path = FocusView.swift; sourceTree = "<group>"; };
		D8A1A0042EDE07B400A6A004 /* HealthBarCardView.swift */ = {isa = PBXFileReference; lastKnownFileType = sourcecode.swift; path = HealthBarCardView.swift; sourceTree = "<group>"; };
		D8A1A0052EDE07B400A6A005 /* MoreViewModel.swift */ = {isa = PBXFileReference; lastKnownFileType = sourcecode.swift; path = MoreViewModel.swift; sourceTree = "<group>"; };
		D8A1A0062EDE07B400A6A006 /* DependencyContainer.swift */ = {isa = PBXFileReference; lastKnownFileType = sourcecode.swift; path = DependencyContainer.swift; sourceTree = "<group>"; };
		D8A1A0072EDE07B400A6A007 /* MoreView.swift */ = {isa = PBXFileReference; lastKnownFileType = sourcecode.swift; path = MoreView.swift; sourceTree = "<group>"; };
		D8A1A0082EDE07B400A6A008 /* QuestsViewModel.swift */ = {isa = PBXFileReference; lastKnownFileType = sourcecode.swift; path = QuestsViewModel.swift; sourceTree = "<group>"; };
		D8A1A0092EDE07B400A6A009 /* AppCoordinator.swift */ = {isa = PBXFileReference; lastKnownFileType = sourcecode.swift; path = AppCoordinator.swift; sourceTree = "<group>"; };
		D8A1A00A2EDE07B400A6A00A /* HealthBarViewModel.swift */ = {isa = PBXFileReference; lastKnownFileType = sourcecode.swift; path = HealthBarViewModel.swift; sourceTree = "<group>"; };
		D8A1A00B2EDE07B400A6A00B /* SettingsView.swift */ = {isa = PBXFileReference; lastKnownFileType = sourcecode.swift; path = SettingsView.swift; sourceTree = "<group>"; };
		D8A1A00C2EDE07B400A6A00C /* HealthBarStorage.swift */ = {isa = PBXFileReference; lastKnownFileType = sourcecode.swift; path = HealthBarStorage.swift; sourceTree = "<group>"; };
		D8A1A00D2EDE07B400A6A00D /* GameDataResetter.swift */ = {isa = PBXFileReference; lastKnownFileType = sourcecode.swift; path = GameDataResetter.swift; sourceTree = "<group>"; };
		D8A1A00E2EDE07B400A6A00E /* LevelUpModalView.swift */ = {isa = PBXFileReference; lastKnownFileType = sourcecode.swift; path = LevelUpModalView.swift; sourceTree = "<group>"; };
		D8A1A00F2EDE07B400A6A00F /* StatsViewModel.swift */ = {isa = PBXFileReference; lastKnownFileType = sourcecode.swift; path = StatsViewModel.swift; sourceTree = "<group>"; };
		D8A1A0102EDE07B400A6A010 /* HealthTrackingStorageKeys.swift */ = {isa = PBXFileReference; lastKnownFileType = sourcecode.swift; path = HealthTrackingStorageKeys.swift; sourceTree = "<group>"; };
		D8A1A0112EDE07B400A6A011 /* QuestChatStrings.swift */ = {isa = PBXFileReference; lastKnownFileType = sourcecode.swift; path = QuestChatStrings.swift; sourceTree = "<group>"; };
		D8A1A0122EDE07B400A6A012 /* FocusTimerLiveActivity.swift */ = {isa = PBXFileReference; lastKnownFileType = sourcecode.swift; path = FocusTimerLiveActivity.swift; sourceTree = "<group>"; };
		D8A1A0132EDE07B400A6A013 /* PlayerCardView.swift */ = {isa = PBXFileReference; lastKnownFileType = sourcecode.swift; path = PlayerCardView.swift; sourceTree = "<group>"; };
		D8A1A0142EDE07B400A6A014 /* HealthBarCalculator.swift */ = {isa = PBXFileReference; lastKnownFileType = sourcecode.swift; path = HealthBarCalculator.swift; sourceTree = "<group>"; };
		D8A1A0152EDE07B400A6A015 /* ContentView.swift */ = {isa = PBXFileReference; lastKnownFileType = sourcecode.swift; path = ContentView.swift; sourceTree = "<group>"; };
		D8A1A0162EDE07B400A6A016 /* TodaySummaryView.swift */ = {isa = PBXFileReference; lastKnownFileType = sourcecode.swift; path = TodaySummaryView.swift; sourceTree = "<group>"; };
		D8A1A0172EDE07B400A6A017 /* AboutHealthBarView.swift */ = {isa = PBXFileReference; lastKnownFileType = sourcecode.swift; path = AboutHealthBarView.swift; sourceTree = "<group>"; };
		D8A1A0182EDE07B400A6A018 /* HealthBarIRLStatsStore.swift */ = {isa = PBXFileReference; lastKnownFileType = sourcecode.swift; path = HealthBarIRLStatsStore.swift; sourceTree = "<group>"; };
		D8A1A0192EDE07B400A6A019 /* HydrationSettingsStore.swift */ = {isa = PBXFileReference; lastKnownFileType = sourcecode.swift; path = HydrationSettingsStore.swift; sourceTree = "<group>"; };
		D8A1A01A2EDE07B400A6A01A /* StatsView.swift */ = {isa = PBXFileReference; lastKnownFileType = sourcecode.swift; path = StatsView.swift; sourceTree = "<group>"; };
		D8A1A01B2EDE07B400A6A01B /* DurationWheelPickerView.swift */ = {isa = PBXFileReference; lastKnownFileType = sourcecode.swift; path = DurationWheelPickerView.swift; sourceTree = "<group>"; };
		D8A1A01C2EDE07B400A6A01C /* FocusViewModel.swift */ = {isa = PBXFileReference; lastKnownFileType = sourcecode.swift; path = FocusViewModel.swift; sourceTree = "<group>"; };
		D8A1A01D2EDE07B400A6A01D /* QuestsView.swift */ = {isa = PBXFileReference; lastKnownFileType = sourcecode.swift; path = QuestsView.swift; sourceTree = "<group>"; };
		D8A1A01E2EDE07B400A6A01E /* QuestChatNativeApp.swift */ = {isa = PBXFileReference; lastKnownFileType = sourcecode.swift; path = QuestChatNativeApp.swift; sourceTree = "<group>"; };
		D8A1A01F2EDE07B400A6A01F /* SettingsViewModel.swift */ = {isa = PBXFileReference; lastKnownFileType = sourcecode.swift; path = SettingsViewModel.swift; sourceTree = "<group>"; };
		D8A1A0202EDE07B400A6A020 /* Assets.xcassets */ = {isa = PBXFileReference; lastKnownFileType = folder.assetcatalog; path = Assets.xcassets; sourceTree = "<group>"; };
		D8A1A0212EDE07B400A6A021 /* PlayerTitleStore.swift */ = {isa = PBXFileReference; lastKnownFileType = sourcecode.swift; path = PlayerTitleStore.swift; sourceTree = "<group>"; };
		D8A1A0222EDE07B400A6A022 /* OnboardingView.swift */ = {isa = PBXFileReference; lastKnownFileType = sourcecode.swift; path = OnboardingView.swift; sourceTree = "<group>"; };
		D8A1A0232EDE07B400A6A023 /* OnboardingViewModel.swift */ = {isa = PBXFileReference; lastKnownFileType = sourcecode.swift; path = OnboardingViewModel.swift; sourceTree = "<group>"; };
		D8ABE41A2EE23E2400813C61 /* AchievementUnlockOverlayView.swift */ = {isa = PBXFileReference; lastKnownFileType = sourcecode.swift; path = AchievementUnlockOverlayView.swift; sourceTree = "<group>"; };
		D8ABE41C2EE2410C00813C61 /* ConfettiView.swift */ = {isa = PBXFileReference; lastKnownFileType = sourcecode.swift; path = ConfettiView.swift; sourceTree = "<group>"; };
		D8E9D6522EE1017A00EF0582 /* PlayerStateStore.swift */ = {isa = PBXFileReference; lastKnownFileType = sourcecode.swift; path = PlayerStateStore.swift; sourceTree = "<group>"; };
		D8EDD5282EE1F14B00922DCF /* QuestEvent.swift */ = {isa = PBXFileReference; lastKnownFileType = sourcecode.swift; path = QuestEvent.swift; sourceTree = "<group>"; };
/* End PBXFileReference section */

/* Begin PBXFileSystemSynchronizedBuildFileExceptionSet section */
		D87C18972EDFA74C00438C3A /* Exceptions for "QuestChatLiveActivity" folder in "QuestChatLiveActivityExtension" target */ = {
			isa = PBXFileSystemSynchronizedBuildFileExceptionSet;
			membershipExceptions = (
				Info.plist,
			);
			target = D87C18802EDFA74B00438C3A /* QuestChatLiveActivityExtension */;
		};
		D87C18BE2EDFB8C100438C3A /* Exceptions for "QuestChatLiveActivity" folder in "QuestChatNative" target */ = {
			isa = PBXFileSystemSynchronizedBuildFileExceptionSet;
			membershipExceptions = (
				FocusSessionAttributes.swift,
			);
			target = D881CF922EDD1BC200A8A09F /* QuestChatNative */;
		};
/* End PBXFileSystemSynchronizedBuildFileExceptionSet section */

/* Begin PBXFileSystemSynchronizedRootGroup section */
		D87C18842EDFA74B00438C3A /* QuestChatLiveActivity */ = {
			isa = PBXFileSystemSynchronizedRootGroup;
			exceptions = (
				D87C18BE2EDFB8C100438C3A /* Exceptions for "QuestChatLiveActivity" folder in "QuestChatNative" target */,
				D87C18972EDFA74C00438C3A /* Exceptions for "QuestChatLiveActivity" folder in "QuestChatLiveActivityExtension" target */,
			);
			path = QuestChatLiveActivity;
			sourceTree = "<group>";
		};
/* End PBXFileSystemSynchronizedRootGroup section */

/* Begin PBXFrameworksBuildPhase section */
		D87C187E2EDFA74B00438C3A /* Frameworks */ = {
			isa = PBXFrameworksBuildPhase;
			buildActionMask = 2147483647;
			files = (
				D87C18832EDFA74B00438C3A /* SwiftUI.framework in Frameworks */,
				D87C18822EDFA74B00438C3A /* WidgetKit.framework in Frameworks */,
			);
			runOnlyForDeploymentPostprocessing = 0;
		};
		D881CF902EDD1BC200A8A09F /* Frameworks */ = {
			isa = PBXFrameworksBuildPhase;
			buildActionMask = 2147483647;
			files = (
			);
			runOnlyForDeploymentPostprocessing = 0;
		};
/* End PBXFrameworksBuildPhase section */

/* Begin PBXGroup section */
		D87C182A2EDF9B6F00438C3A /* Frameworks */ = {
			isa = PBXGroup;
			children = (
				D87C182B2EDF9B6F00438C3A /* WidgetKit.framework */,
				D87C182D2EDF9B6F00438C3A /* SwiftUI.framework */,
			);
			name = Frameworks;
			sourceTree = "<group>";
		};
		D881CF8A2EDD1BC200A8A09F = {
			isa = PBXGroup;
			children = (
				D881CF952EDD1BC200A8A09F /* QuestChatNative */,
				D87C18842EDFA74B00438C3A /* QuestChatLiveActivity */,
				D87C182A2EDF9B6F00438C3A /* Frameworks */,
				D881CF942EDD1BC200A8A09F /* Products */,
			);
			sourceTree = "<group>";
		};
		D881CF942EDD1BC200A8A09F /* Products */ = {
			isa = PBXGroup;
			children = (
				D881CF932EDD1BC200A8A09F /* QuestChatNative.app */,
				D87C18812EDFA74B00438C3A /* QuestChatLiveActivityExtension.appex */,
			);
			name = Products;
			sourceTree = "<group>";
		};
		D881CF952EDD1BC200A8A09F /* QuestChatNative */ = {
			isa = PBXGroup;
			children = (
				D8A1A0172EDE07B400A6A017 /* AboutHealthBarView.swift */,
				D8ABE41A2EE23E2400813C61 /* AchievementUnlockOverlayView.swift */,
				D8A1A0092EDE07B400A6A009 /* AppCoordinator.swift */,
				D8A1A0202EDE07B400A6A020 /* Assets.xcassets */,
				D8ABE41C2EE2410C00813C61 /* ConfettiView.swift */,
				D8A1A0152EDE07B400A6A015 /* ContentView.swift */,
				D8A1A0062EDE07B400A6A006 /* DependencyContainer.swift */,
				D8A1A01B2EDE07B400A6A01B /* DurationWheelPickerView.swift */,
				D87C18BB2EDFB72100438C3A /* FocusLiveActivityManager.swift */,
				D8A1A0122EDE07B400A6A012 /* FocusTimerLiveActivity.swift */,
				D8A1A0032EDE07B400A6A003 /* FocusView.swift */,
				D8A1A01C2EDE07B400A6A01C /* FocusViewModel.swift */,
				D8A1A00D2EDE07B400A6A00D /* GameDataResetter.swift */,
				D8A1A0142EDE07B400A6A014 /* HealthBarCalculator.swift */,
				D8A1A0042EDE07B400A6A004 /* HealthBarCardView.swift */,
				D8A1A0182EDE07B400A6A018 /* HealthBarIRLStatsStore.swift */,
				D8A1A0022EDE07B400A6A002 /* HealthBarModels.swift */,
				D8A1A00C2EDE07B400A6A00C /* HealthBarStorage.swift */,
				D8A1A00A2EDE07B400A6A00A /* HealthBarViewModel.swift */,
				D8A1A0102EDE07B400A6A010 /* HealthTrackingStorageKeys.swift */,
				D8A1A0192EDE07B400A6A019 /* HydrationSettingsStore.swift */,
				D8A1A00E2EDE07B400A6A00E /* LevelUpModalView.swift */,
				D8A1A0072EDE07B400A6A007 /* MoreView.swift */,
				D8A1A0052EDE07B400A6A005 /* MoreViewModel.swift */,
				D8A1A0222EDE07B400A6A022 /* OnboardingView.swift */,
				D8A1A0232EDE07B400A6A023 /* OnboardingViewModel.swift */,
				D8A1A0132EDE07B400A6A013 /* PlayerCardView.swift */,
				D80A60E02EE13C6D003C5262 /* PlayerProgress.swift */,
				D8E9D6522EE1017A00EF0582 /* PlayerStateStore.swift */,
				D899A6D12EDF6D6500F90F46 /* PlayerStatusBarsView.swift */,
				D8A1A0212EDE07B400A6A021 /* PlayerTitleStore.swift */,
				D8A1A01E2EDE07B400A6A01E /* QuestChatNativeApp.swift */,
				D8A1A0112EDE07B400A6A011 /* QuestChatStrings.swift */,
				D80A60BC2EE1397D003C5262 /* QuestEngine.swift */,
				D8EDD5282EE1F14B00922DCF /* QuestEvent.swift */,
				D8A1A01D2EDE07B400A6A01D /* QuestsView.swift */,
				D8A1A0082EDE07B400A6A008 /* QuestsViewModel.swift */,
				D8A1A0012EDE07B400A6A001 /* RPGStatBar.swift */,
				76CAEBCF8CD8432DA6BB0E0E /* SeasonAchievement.swift */,
				3F7C807E72624B1B8A7D9214 /* SeasonAchievementBadgeView.swift */,
				2A1BDF6F83A546F0B90DA4A3 /* SeasonAchievementsStore.swift */,
				D8A1A00B2EDE07B400A6A00B /* SettingsView.swift */,
				D8A1A01F2EDE07B400A6A01F /* SettingsViewModel.swift */,
				D8A1A01A2EDE07B400A6A01A /* StatsView.swift */,
				D8A1A00F2EDE07B400A6A00F /* StatsViewModel.swift */,
				D8A1A0162EDE07B400A6A016 /* TodaySummaryView.swift */,
			);
			path = QuestChatNative;
			sourceTree = "<group>";
		};
/* End PBXGroup section */

/* Begin PBXNativeTarget section */
		D87C18802EDFA74B00438C3A /* QuestChatLiveActivityExtension */ = {
			isa = PBXNativeTarget;
			buildConfigurationList = D87C18982EDFA74C00438C3A /* Build configuration list for PBXNativeTarget "QuestChatLiveActivityExtension" */;
			buildPhases = (
				D87C187D2EDFA74B00438C3A /* Sources */,
				D87C187E2EDFA74B00438C3A /* Frameworks */,
				D87C187F2EDFA74B00438C3A /* Resources */,
			);
			buildRules = (
			);
			dependencies = (
			);
			fileSystemSynchronizedGroups = (
				D87C18842EDFA74B00438C3A /* QuestChatLiveActivity */,
			);
			name = QuestChatLiveActivityExtension;
			packageProductDependencies = (
			);
			productName = QuestChatLiveActivityExtension;
			productReference = D87C18812EDFA74B00438C3A /* QuestChatLiveActivityExtension.appex */;
			productType = "com.apple.product-type.app-extension";
		};
		D881CF922EDD1BC200A8A09F /* QuestChatNative */ = {
			isa = PBXNativeTarget;
			buildConfigurationList = D881CF9E2EDD1BC300A8A09F /* Build configuration list for PBXNativeTarget "QuestChatNative" */;
			buildPhases = (
				D881CF8F2EDD1BC200A8A09F /* Sources */,
				D881CF902EDD1BC200A8A09F /* Frameworks */,
				D881CF912EDD1BC200A8A09F /* Resources */,
				D87C18442EDF9B7000438C3A /* Embed Foundation Extensions */,
			);
			buildRules = (
			);
			dependencies = (
				D87C18932EDFA74C00438C3A /* PBXTargetDependency */,
			);
			name = QuestChatNative;
			packageProductDependencies = (
			);
			productName = QuestChatNative;
			productReference = D881CF932EDD1BC200A8A09F /* QuestChatNative.app */;
			productType = "com.apple.product-type.application";
		};
/* End PBXNativeTarget section */

/* Begin PBXProject section */
		D881CF8B2EDD1BC200A8A09F /* Project object */ = {
			isa = PBXProject;
			attributes = {
				BuildIndependentTargetsInParallel = 1;
				LastSwiftUpdateCheck = 2610;
				LastUpgradeCheck = 2610;
				TargetAttributes = {
					D87C18802EDFA74B00438C3A = {
						CreatedOnToolsVersion = 26.1.1;
					};
					D881CF922EDD1BC200A8A09F = {
						CreatedOnToolsVersion = 26.1.1;
					};
				};
			};
			buildConfigurationList = D881CF8E2EDD1BC200A8A09F /* Build configuration list for PBXProject "QuestChatNative" */;
			developmentRegion = en;
			hasScannedForEncodings = 0;
			knownRegions = (
				en,
				Base,
			);
			mainGroup = D881CF8A2EDD1BC200A8A09F;
			minimizedProjectReferenceProxies = 1;
			preferredProjectObjectVersion = 77;
			productRefGroup = D881CF942EDD1BC200A8A09F /* Products */;
			projectDirPath = "";
			projectRoot = "";
			targets = (
				D881CF922EDD1BC200A8A09F /* QuestChatNative */,
				D87C18802EDFA74B00438C3A /* QuestChatLiveActivityExtension */,
			);
		};
/* End PBXProject section */

/* Begin PBXResourcesBuildPhase section */
		D87C187F2EDFA74B00438C3A /* Resources */ = {
			isa = PBXResourcesBuildPhase;
			buildActionMask = 2147483647;
			files = (
			);
			runOnlyForDeploymentPostprocessing = 0;
		};
		D881CF912EDD1BC200A8A09F /* Resources */ = {
			isa = PBXResourcesBuildPhase;
			buildActionMask = 2147483647;
			files = (
				D8A200202EDE07B400A6A001 /* Assets.xcassets in Resources */,
			);
			runOnlyForDeploymentPostprocessing = 0;
		};
/* End PBXResourcesBuildPhase section */

/* Begin PBXSourcesBuildPhase section */
		D87C187D2EDFA74B00438C3A /* Sources */ = {
			isa = PBXSourcesBuildPhase;
			buildActionMask = 2147483647;
			files = (
			);
			runOnlyForDeploymentPostprocessing = 0;
		};
		D881CF8F2EDD1BC200A8A09F /* Sources */ = {
			isa = PBXSourcesBuildPhase;
			buildActionMask = 2147483647;
			files = (
				D8A2001F2EDE07B400A6A001 /* SettingsViewModel.swift in Sources */,
				D8A2001E2EDE07B400A6A001 /* QuestChatNativeApp.swift in Sources */,
				D8A2001D2EDE07B400A6A001 /* QuestsView.swift in Sources */,
				D8A2001C2EDE07B400A6A001 /* FocusViewModel.swift in Sources */,
				D8A2001B2EDE07B400A6A001 /* DurationWheelPickerView.swift in Sources */,
				D8A2001A2EDE07B400A6A001 /* StatsView.swift in Sources */,
				D8A200192EDE07B400A6A001 /* HydrationSettingsStore.swift in Sources */,
				D8A200182EDE07B400A6A001 /* HealthBarIRLStatsStore.swift in Sources */,
				D8A200172EDE07B400A6A001 /* AboutHealthBarView.swift in Sources */,
				D899A6D22EDF6D6500F90F46 /* PlayerStatusBarsView.swift in Sources */,
				D8A200162EDE07B400A6A001 /* TodaySummaryView.swift in Sources */,
				D8A200152EDE07B400A6A001 /* ContentView.swift in Sources */,
				D8A200142EDE07B400A6A001 /* HealthBarCalculator.swift in Sources */,
				D8A200132EDE07B400A6A001 /* PlayerCardView.swift in Sources */,
				D8ABE41B2EE23E2400813C61 /* AchievementUnlockOverlayView.swift in Sources */,
				D8A200122EDE07B400A6A001 /* FocusTimerLiveActivity.swift in Sources */,
				D8A200112EDE07B400A6A001 /* QuestChatStrings.swift in Sources */,
				D8A200102EDE07B400A6A001 /* HealthTrackingStorageKeys.swift in Sources */,
				D8A200212EDE07B400A6A001 /* PlayerTitleStore.swift in Sources */,
				D8A200222EDE07B400A6A001 /* OnboardingView.swift in Sources */,
				D8A200232EDE07B400A6A001 /* OnboardingViewModel.swift in Sources */,
				D8A2000F2EDE07B400A6A001 /* StatsViewModel.swift in Sources */,
				D8E9D6532EE1017A00EF0582 /* PlayerStateStore.swift in Sources */,
				D8A2000E2EDE07B400A6A001 /* LevelUpModalView.swift in Sources */,
				D80A60E12EE13C6D003C5262 /* PlayerProgress.swift in Sources */,
				D8A2000D2EDE07B400A6A001 /* GameDataResetter.swift in Sources */,
				D8A2000C2EDE07B400A6A001 /* HealthBarStorage.swift in Sources */,
				D8A2000B2EDE07B400A6A001 /* SettingsView.swift in Sources */,
				D80A60BD2EE1397D003C5262 /* QuestEngine.swift in Sources */,
				D8A2000A2EDE07B400A6A001 /* HealthBarViewModel.swift in Sources */,
				D8A200092EDE07B400A6A001 /* AppCoordinator.swift in Sources */,
				D8A200082EDE07B400A6A001 /* QuestsViewModel.swift in Sources */,
				D8A200072EDE07B400A6A001 /* MoreView.swift in Sources */,
				D8A200062EDE07B400A6A001 /* DependencyContainer.swift in Sources */,
				D8A200052EDE07B400A6A001 /* MoreViewModel.swift in Sources */,
				D8ABE41D2EE2411600813C61 /* ConfettiView.swift in Sources */,
				D8A200042EDE07B400A6A001 /* HealthBarCardView.swift in Sources */,
				D8A200032EDE07B400A6A001 /* FocusView.swift in Sources */,
				D8A200022EDE07B400A6A001 /* HealthBarModels.swift in Sources */,
				D8A200012EDE07B400A6A001 /* RPGStatBar.swift in Sources */,
				D87C18BC2EDFB72100438C3A /* FocusLiveActivityManager.swift in Sources */,
				D8EDD5292EE1F14B00922DCF /* QuestEvent.swift in Sources */,
				338792A9E2C5427181113F47 /* SeasonAchievement.swift in Sources */,
				1B7E1189235249C2ACB10CF1 /* SeasonAchievementsStore.swift in Sources */,
				62AF60BC4FB94EEE88C1F25F /* SeasonAchievementBadgeView.swift in Sources */,
			);
			runOnlyForDeploymentPostprocessing = 0;
		};
/* End PBXSourcesBuildPhase section */

/* Begin PBXTargetDependency section */
		D87C18932EDFA74C00438C3A /* PBXTargetDependency */ = {
			isa = PBXTargetDependency;
			target = D87C18802EDFA74B00438C3A /* QuestChatLiveActivityExtension */;
			targetProxy = D87C18922EDFA74C00438C3A /* PBXContainerItemProxy */;
		};
/* End PBXTargetDependency section */

/* Begin XCBuildConfiguration section */
		D87C18952EDFA74C00438C3A /* Debug */ = {
			isa = XCBuildConfiguration;
			buildSettings = {
				ASSETCATALOG_COMPILER_GLOBAL_ACCENT_COLOR_NAME = AccentColor;
				ASSETCATALOG_COMPILER_WIDGET_BACKGROUND_COLOR_NAME = WidgetBackground;
				CODE_SIGN_STYLE = Automatic;
				CURRENT_PROJECT_VERSION = 1;
				DEVELOPMENT_TEAM = CGX65757S6;
				GENERATE_INFOPLIST_FILE = YES;
				INFOPLIST_FILE = QuestChatLiveActivity/Info.plist;
				INFOPLIST_KEY_CFBundleDisplayName = QuestChatLiveActivity;
				INFOPLIST_KEY_NSHumanReadableCopyright = "";
				IPHONEOS_DEPLOYMENT_TARGET = 18.0;
				LD_RUNPATH_SEARCH_PATHS = (
					"$(inherited)",
					"@executable_path/Frameworks",
					"@executable_path/../../Frameworks",
				);
				MARKETING_VERSION = 1.2;
				PRODUCT_BUNDLE_IDENTIFIER = com.statusnone.QuestChatNative.QuestChatLiveActivity;
				PRODUCT_NAME = "$(TARGET_NAME)";
				SKIP_INSTALL = YES;
				STRING_CATALOG_GENERATE_SYMBOLS = YES;
				SWIFT_APPROACHABLE_CONCURRENCY = YES;
				SWIFT_EMIT_LOC_STRINGS = YES;
				SWIFT_UPCOMING_FEATURE_MEMBER_IMPORT_VISIBILITY = YES;
				SWIFT_VERSION = 5.0;
				TARGETED_DEVICE_FAMILY = "1,2";
			};
			name = Debug;
		};
		D87C18962EDFA74C00438C3A /* Release */ = {
			isa = XCBuildConfiguration;
			buildSettings = {
				ASSETCATALOG_COMPILER_GLOBAL_ACCENT_COLOR_NAME = AccentColor;
				ASSETCATALOG_COMPILER_WIDGET_BACKGROUND_COLOR_NAME = WidgetBackground;
				CODE_SIGN_STYLE = Automatic;
				CURRENT_PROJECT_VERSION = 1;
				DEVELOPMENT_TEAM = CGX65757S6;
				GENERATE_INFOPLIST_FILE = YES;
				INFOPLIST_FILE = QuestChatLiveActivity/Info.plist;
				INFOPLIST_KEY_CFBundleDisplayName = QuestChatLiveActivity;
				INFOPLIST_KEY_NSHumanReadableCopyright = "";
				IPHONEOS_DEPLOYMENT_TARGET = 18.0;
				LD_RUNPATH_SEARCH_PATHS = (
					"$(inherited)",
					"@executable_path/Frameworks",
					"@executable_path/../../Frameworks",
				);
				MARKETING_VERSION = 1.2;
				PRODUCT_BUNDLE_IDENTIFIER = com.statusnone.QuestChatNative.QuestChatLiveActivity;
				PRODUCT_NAME = "$(TARGET_NAME)";
				SKIP_INSTALL = YES;
				STRING_CATALOG_GENERATE_SYMBOLS = YES;
				SWIFT_APPROACHABLE_CONCURRENCY = YES;
				SWIFT_EMIT_LOC_STRINGS = YES;
				SWIFT_UPCOMING_FEATURE_MEMBER_IMPORT_VISIBILITY = YES;
				SWIFT_VERSION = 5.0;
				TARGETED_DEVICE_FAMILY = "1,2";
			};
			name = Release;
		};
		D881CF9C2EDD1BC300A8A09F /* Debug */ = {
			isa = XCBuildConfiguration;
			buildSettings = {
				ALWAYS_SEARCH_USER_PATHS = NO;
				ASSETCATALOG_COMPILER_GENERATE_SWIFT_ASSET_SYMBOL_EXTENSIONS = YES;
				CLANG_ANALYZER_NONNULL = YES;
				CLANG_ANALYZER_NUMBER_OBJECT_CONVERSION = YES_AGGRESSIVE;
				CLANG_CXX_LANGUAGE_STANDARD = "gnu++20";
				CLANG_ENABLE_MODULES = YES;
				CLANG_ENABLE_OBJC_ARC = YES;
				CLANG_ENABLE_OBJC_WEAK = YES;
				CLANG_WARN_BLOCK_CAPTURE_AUTORELEASING = YES;
				CLANG_WARN_BOOL_CONVERSION = YES;
				CLANG_WARN_COMMA = YES;
				CLANG_WARN_CONSTANT_CONVERSION = YES;
				CLANG_WARN_DEPRECATED_OBJC_IMPLEMENTATIONS = YES;
				CLANG_WARN_DIRECT_OBJC_ISA_USAGE = YES_ERROR;
				CLANG_WARN_DOCUMENTATION_COMMENTS = YES;
				CLANG_WARN_EMPTY_BODY = YES;
				CLANG_WARN_ENUM_CONVERSION = YES;
				CLANG_WARN_INFINITE_RECURSION = YES;
				CLANG_WARN_INT_CONVERSION = YES;
				CLANG_WARN_NON_LITERAL_NULL_CONVERSION = YES;
				CLANG_WARN_OBJC_IMPLICIT_RETAIN_SELF = YES;
				CLANG_WARN_OBJC_LITERAL_CONVERSION = YES;
				CLANG_WARN_OBJC_ROOT_CLASS = YES_ERROR;
				CLANG_WARN_QUOTED_INCLUDE_IN_FRAMEWORK_HEADER = YES;
				CLANG_WARN_RANGE_LOOP_ANALYSIS = YES;
				CLANG_WARN_STRICT_PROTOTYPES = YES;
				CLANG_WARN_SUSPICIOUS_MOVE = YES;
				CLANG_WARN_UNGUARDED_AVAILABILITY = YES_AGGRESSIVE;
				CLANG_WARN_UNREACHABLE_CODE = YES;
				CLANG_WARN__DUPLICATE_METHOD_MATCH = YES;
				COPY_PHASE_STRIP = NO;
				DEBUG_INFORMATION_FORMAT = dwarf;
				DEVELOPMENT_TEAM = CGX65757S6;
				ENABLE_STRICT_OBJC_MSGSEND = YES;
				ENABLE_TESTABILITY = YES;
				ENABLE_USER_SCRIPT_SANDBOXING = YES;
				GCC_C_LANGUAGE_STANDARD = gnu17;
				GCC_DYNAMIC_NO_PIC = NO;
				GCC_NO_COMMON_BLOCKS = YES;
				GCC_OPTIMIZATION_LEVEL = 0;
				GCC_PREPROCESSOR_DEFINITIONS = (
					"DEBUG=1",
					"$(inherited)",
				);
				GCC_WARN_64_TO_32_BIT_CONVERSION = YES;
				GCC_WARN_ABOUT_RETURN_TYPE = YES_ERROR;
				GCC_WARN_UNDECLARED_SELECTOR = YES;
				GCC_WARN_UNINITIALIZED_AUTOS = YES_AGGRESSIVE;
				GCC_WARN_UNUSED_FUNCTION = YES;
				GCC_WARN_UNUSED_VARIABLE = YES;
				IPHONEOS_DEPLOYMENT_TARGET = 16.0;
				LOCALIZATION_PREFERS_STRING_CATALOGS = YES;
				MTL_ENABLE_DEBUG_INFO = INCLUDE_SOURCE;
				MTL_FAST_MATH = YES;
				ONLY_ACTIVE_ARCH = YES;
				SDKROOT = iphoneos;
				SWIFT_ACTIVE_COMPILATION_CONDITIONS = "DEBUG $(inherited)";
				SWIFT_OPTIMIZATION_LEVEL = "-Onone";
			};
			name = Debug;
		};
		D881CF9D2EDD1BC300A8A09F /* Release */ = {
			isa = XCBuildConfiguration;
			buildSettings = {
				ALWAYS_SEARCH_USER_PATHS = NO;
				ASSETCATALOG_COMPILER_GENERATE_SWIFT_ASSET_SYMBOL_EXTENSIONS = YES;
				CLANG_ANALYZER_NONNULL = YES;
				CLANG_ANALYZER_NUMBER_OBJECT_CONVERSION = YES_AGGRESSIVE;
				CLANG_CXX_LANGUAGE_STANDARD = "gnu++20";
				CLANG_ENABLE_MODULES = YES;
				CLANG_ENABLE_OBJC_ARC = YES;
				CLANG_ENABLE_OBJC_WEAK = YES;
				CLANG_WARN_BLOCK_CAPTURE_AUTORELEASING = YES;
				CLANG_WARN_BOOL_CONVERSION = YES;
				CLANG_WARN_COMMA = YES;
				CLANG_WARN_CONSTANT_CONVERSION = YES;
				CLANG_WARN_DEPRECATED_OBJC_IMPLEMENTATIONS = YES;
				CLANG_WARN_DIRECT_OBJC_ISA_USAGE = YES_ERROR;
				CLANG_WARN_DOCUMENTATION_COMMENTS = YES;
				CLANG_WARN_EMPTY_BODY = YES;
				CLANG_WARN_ENUM_CONVERSION = YES;
				CLANG_WARN_INFINITE_RECURSION = YES;
				CLANG_WARN_INT_CONVERSION = YES;
				CLANG_WARN_NON_LITERAL_NULL_CONVERSION = YES;
				CLANG_WARN_OBJC_IMPLICIT_RETAIN_SELF = YES;
				CLANG_WARN_OBJC_LITERAL_CONVERSION = YES;
				CLANG_WARN_OBJC_ROOT_CLASS = YES_ERROR;
				CLANG_WARN_QUOTED_INCLUDE_IN_FRAMEWORK_HEADER = YES;
				CLANG_WARN_RANGE_LOOP_ANALYSIS = YES;
				CLANG_WARN_STRICT_PROTOTYPES = YES;
				CLANG_WARN_SUSPICIOUS_MOVE = YES;
				CLANG_WARN_UNGUARDED_AVAILABILITY = YES_AGGRESSIVE;
				CLANG_WARN_UNREACHABLE_CODE = YES;
				CLANG_WARN__DUPLICATE_METHOD_MATCH = YES;
				COPY_PHASE_STRIP = NO;
				DEBUG_INFORMATION_FORMAT = "dwarf-with-dsym";
				DEVELOPMENT_TEAM = CGX65757S6;
				ENABLE_NS_ASSERTIONS = NO;
				ENABLE_STRICT_OBJC_MSGSEND = YES;
				ENABLE_USER_SCRIPT_SANDBOXING = YES;
				GCC_C_LANGUAGE_STANDARD = gnu17;
				GCC_NO_COMMON_BLOCKS = YES;
				GCC_WARN_64_TO_32_BIT_CONVERSION = YES;
				GCC_WARN_ABOUT_RETURN_TYPE = YES_ERROR;
				GCC_WARN_UNDECLARED_SELECTOR = YES;
				GCC_WARN_UNINITIALIZED_AUTOS = YES_AGGRESSIVE;
				GCC_WARN_UNUSED_FUNCTION = YES;
				GCC_WARN_UNUSED_VARIABLE = YES;
				IPHONEOS_DEPLOYMENT_TARGET = 16.0;
				LOCALIZATION_PREFERS_STRING_CATALOGS = YES;
				MTL_ENABLE_DEBUG_INFO = NO;
				MTL_FAST_MATH = YES;
				SDKROOT = iphoneos;
				SWIFT_COMPILATION_MODE = wholemodule;
				VALIDATE_PRODUCT = YES;
			};
			name = Release;
		};
		D881CF9F2EDD1BC300A8A09F /* Debug */ = {
			isa = XCBuildConfiguration;
			buildSettings = {
				ASSETCATALOG_COMPILER_APPICON_NAME = AppIcon;
				ASSETCATALOG_COMPILER_GLOBAL_ACCENT_COLOR_NAME = AccentColor;
				CODE_SIGN_STYLE = Automatic;
				CURRENT_PROJECT_VERSION = 1;
				DEVELOPMENT_TEAM = CGX65757S6;
				ENABLE_PREVIEWS = YES;
				GENERATE_INFOPLIST_FILE = YES;
				INFOPLIST_KEY_NSSupportsLiveActivities = YES;
				INFOPLIST_KEY_UIApplicationSceneManifest_Generation = YES;
				INFOPLIST_KEY_UIApplicationSupportsIndirectInputEvents = YES;
				INFOPLIST_KEY_UILaunchScreen_Generation = YES;
				INFOPLIST_KEY_UISupportedInterfaceOrientations_iPad = "UIInterfaceOrientationPortrait UIInterfaceOrientationPortraitUpsideDown UIInterfaceOrientationLandscapeLeft UIInterfaceOrientationLandscapeRight";
				INFOPLIST_KEY_UISupportedInterfaceOrientations_iPhone = "UIInterfaceOrientationPortrait UIInterfaceOrientationLandscapeLeft UIInterfaceOrientationLandscapeRight";
				IPHONEOS_DEPLOYMENT_TARGET = 17.0;
				LD_RUNPATH_SEARCH_PATHS = (
					"$(inherited)",
					"@executable_path/Frameworks",
				);
				MARKETING_VERSION = 1.3;
				PRODUCT_BUNDLE_IDENTIFIER = com.statusnone.QuestChatNative;
				PRODUCT_NAME = "$(TARGET_NAME)";
				STRING_CATALOG_GENERATE_SYMBOLS = YES;
				SWIFT_APPROACHABLE_CONCURRENCY = YES;
				SWIFT_DEFAULT_ACTOR_ISOLATION = MainActor;
				SWIFT_EMIT_LOC_STRINGS = YES;
				SWIFT_UPCOMING_FEATURE_MEMBER_IMPORT_VISIBILITY = YES;
				SWIFT_VERSION = 5.0;
				TARGETED_DEVICE_FAMILY = "1,2";
			};
			name = Debug;
		};
		D881CFA02EDD1BC300A8A09F /* Release */ = {
			isa = XCBuildConfiguration;
			buildSettings = {
				ASSETCATALOG_COMPILER_APPICON_NAME = AppIcon;
				ASSETCATALOG_COMPILER_GLOBAL_ACCENT_COLOR_NAME = AccentColor;
				CODE_SIGN_STYLE = Automatic;
				CURRENT_PROJECT_VERSION = 1;
				DEVELOPMENT_TEAM = CGX65757S6;
				ENABLE_PREVIEWS = YES;
				GENERATE_INFOPLIST_FILE = YES;
				INFOPLIST_KEY_NSSupportsLiveActivities = YES;
				INFOPLIST_KEY_UIApplicationSceneManifest_Generation = YES;
				INFOPLIST_KEY_UIApplicationSupportsIndirectInputEvents = YES;
				INFOPLIST_KEY_UILaunchScreen_Generation = YES;
				INFOPLIST_KEY_UISupportedInterfaceOrientations_iPad = "UIInterfaceOrientationPortrait UIInterfaceOrientationPortraitUpsideDown UIInterfaceOrientationLandscapeLeft UIInterfaceOrientationLandscapeRight";
				INFOPLIST_KEY_UISupportedInterfaceOrientations_iPhone = "UIInterfaceOrientationPortrait UIInterfaceOrientationLandscapeLeft UIInterfaceOrientationLandscapeRight";
				IPHONEOS_DEPLOYMENT_TARGET = 17.0;
				LD_RUNPATH_SEARCH_PATHS = (
					"$(inherited)",
					"@executable_path/Frameworks",
				);
				MARKETING_VERSION = 1.3;
				PRODUCT_BUNDLE_IDENTIFIER = com.statusnone.QuestChatNative;
				PRODUCT_NAME = "$(TARGET_NAME)";
				STRING_CATALOG_GENERATE_SYMBOLS = YES;
				SWIFT_APPROACHABLE_CONCURRENCY = YES;
				SWIFT_DEFAULT_ACTOR_ISOLATION = MainActor;
				SWIFT_EMIT_LOC_STRINGS = YES;
				SWIFT_UPCOMING_FEATURE_MEMBER_IMPORT_VISIBILITY = YES;
				SWIFT_VERSION = 5.0;
				TARGETED_DEVICE_FAMILY = "1,2";
			};
			name = Release;
		};
/* End XCBuildConfiguration section */

/* Begin XCConfigurationList section */
		D87C18982EDFA74C00438C3A /* Build configuration list for PBXNativeTarget "QuestChatLiveActivityExtension" */ = {
			isa = XCConfigurationList;
			buildConfigurations = (
				D87C18952EDFA74C00438C3A /* Debug */,
				D87C18962EDFA74C00438C3A /* Release */,
			);
			defaultConfigurationIsVisible = 0;
			defaultConfigurationName = Release;
		};
		D881CF8E2EDD1BC200A8A09F /* Build configuration list for PBXProject "QuestChatNative" */ = {
			isa = XCConfigurationList;
			buildConfigurations = (
				D881CF9C2EDD1BC300A8A09F /* Debug */,
				D881CF9D2EDD1BC300A8A09F /* Release */,
			);
			defaultConfigurationIsVisible = 0;
			defaultConfigurationName = Release;
		};
		D881CF9E2EDD1BC300A8A09F /* Build configuration list for PBXNativeTarget "QuestChatNative" */ = {
			isa = XCConfigurationList;
			buildConfigurations = (
				D881CF9F2EDD1BC300A8A09F /* Debug */,
				D881CFA02EDD1BC300A8A09F /* Release */,
			);
			defaultConfigurationIsVisible = 0;
			defaultConfigurationName = Release;
		};
/* End XCConfigurationList section */
	};
	rootObject = D881CF8B2EDD1BC200A8A09F /* Project object */;
}
